// !$*UTF8*$!
{
	archiveVersion = 1;
	classes = {
	};
	objectVersion = 56;
	objects = {

/* Begin PBXBuildFile section */
		30903B892B089E7A00EB69ED /* SwiftUI_MVVM_CleanArchitectureApp.swift in Sources */ = {isa = PBXBuildFile; fileRef = 30903B882B089E7A00EB69ED /* SwiftUI_MVVM_CleanArchitectureApp.swift */; };
		30903B8D2B089E7C00EB69ED /* Assets.xcassets in Resources */ = {isa = PBXBuildFile; fileRef = 30903B8C2B089E7C00EB69ED /* Assets.xcassets */; };
		30903B902B089E7C00EB69ED /* Preview Assets.xcassets in Resources */ = {isa = PBXBuildFile; fileRef = 30903B8F2B089E7C00EB69ED /* Preview Assets.xcassets */; };
		30903B9A2B089E7C00EB69ED /* SwiftUI_MVVM_CleanArchitectureTests.swift in Sources */ = {isa = PBXBuildFile; fileRef = 30903B992B089E7C00EB69ED /* SwiftUI_MVVM_CleanArchitectureTests.swift */; };
		30903BA42B089E7C00EB69ED /* SwiftUI_MVVM_CleanArchitectureUITests.swift in Sources */ = {isa = PBXBuildFile; fileRef = 30903BA32B089E7C00EB69ED /* SwiftUI_MVVM_CleanArchitectureUITests.swift */; };
		30903BA62B089E7C00EB69ED /* SwiftUI_MVVM_CleanArchitectureUITestsLaunchTests.swift in Sources */ = {isa = PBXBuildFile; fileRef = 30903BA52B089E7C00EB69ED /* SwiftUI_MVVM_CleanArchitectureUITestsLaunchTests.swift */; };
		30903BB72B08A25900EB69ED /* Kingfisher in Frameworks */ = {isa = PBXBuildFile; productRef = 30903BB62B08A25900EB69ED /* Kingfisher */; };
		30903BBA2B08A27500EB69ED /* Moya in Frameworks */ = {isa = PBXBuildFile; productRef = 30903BB92B08A27500EB69ED /* Moya */; };
		30903BD42B08A37300EB69ED /* KeyChainServiceKey.swift in Sources */ = {isa = PBXBuildFile; fileRef = 30903BBE2B08A37300EB69ED /* KeyChainServiceKey.swift */; };
		30903BD52B08A37300EB69ED /* KeyChainService.swift in Sources */ = {isa = PBXBuildFile; fileRef = 30903BBF2B08A37300EB69ED /* KeyChainService.swift */; };
		30903BD62B08A37300EB69ED /* ImageCacheService.swift in Sources */ = {isa = PBXBuildFile; fileRef = 30903BC22B08A37300EB69ED /* ImageCacheService.swift */; };
		30903BD72B08A37300EB69ED /* GoogleBooksRepositoryImpl.swift in Sources */ = {isa = PBXBuildFile; fileRef = 30903BC42B08A37300EB69ED /* GoogleBooksRepositoryImpl.swift */; };
		30903BD82B08A37300EB69ED /* GoogleBooksAPI.swift in Sources */ = {isa = PBXBuildFile; fileRef = 30903BC62B08A37300EB69ED /* GoogleBooksAPI.swift */; };
		30903BD92B08A37300EB69ED /* BookInformationDTO.swift in Sources */ = {isa = PBXBuildFile; fileRef = 30903BC92B08A37300EB69ED /* BookInformationDTO.swift */; };
		30903BDA2B08A37300EB69ED /* SaleInformationDTO.swift in Sources */ = {isa = PBXBuildFile; fileRef = 30903BCA2B08A37300EB69ED /* SaleInformationDTO.swift */; };
		30903BDB2B08A37300EB69ED /* IndustryIdentifiersDTO.swift in Sources */ = {isa = PBXBuildFile; fileRef = 30903BCB2B08A37300EB69ED /* IndustryIdentifiersDTO.swift */; };
		30903BDC2B08A37300EB69ED /* ImageLinksDTO.swift in Sources */ = {isa = PBXBuildFile; fileRef = 30903BCC2B08A37300EB69ED /* ImageLinksDTO.swift */; };
		30903BDD2B08A37300EB69ED /* ReadingModesDTO.swift in Sources */ = {isa = PBXBuildFile; fileRef = 30903BCD2B08A37300EB69ED /* ReadingModesDTO.swift */; };
		30903BDE2B08A37300EB69ED /* SearchResultDTO.swift in Sources */ = {isa = PBXBuildFile; fileRef = 30903BCE2B08A37300EB69ED /* SearchResultDTO.swift */; };
		30903BDF2B08A37300EB69ED /* LayerInfoDTO.swift in Sources */ = {isa = PBXBuildFile; fileRef = 30903BCF2B08A37300EB69ED /* LayerInfoDTO.swift */; };
		30903BE02B08A37300EB69ED /* ProductDTO.swift in Sources */ = {isa = PBXBuildFile; fileRef = 30903BD02B08A37300EB69ED /* ProductDTO.swift */; };
		30903BE12B08A37300EB69ED /* AccessInformationDTO.swift in Sources */ = {isa = PBXBuildFile; fileRef = 30903BD12B08A37300EB69ED /* AccessInformationDTO.swift */; };
		30903BE22B08A37300EB69ED /* DimensionsDTO.swift in Sources */ = {isa = PBXBuildFile; fileRef = 30903BD22B08A37300EB69ED /* DimensionsDTO.swift */; };
		30903BE32B08A37300EB69ED /* PanelizationSummaryDTO.swift in Sources */ = {isa = PBXBuildFile; fileRef = 30903BD32B08A37300EB69ED /* PanelizationSummaryDTO.swift */; };
		30903BED2B08A37800EB69ED /* BookSearchRequest.swift in Sources */ = {isa = PBXBuildFile; fileRef = 30903BE62B08A37800EB69ED /* BookSearchRequest.swift */; };
		30903BEE2B08A37800EB69ED /* SearchResult.swift in Sources */ = {isa = PBXBuildFile; fileRef = 30903BE72B08A37800EB69ED /* SearchResult.swift */; };
		30903BEF2B08A37800EB69ED /* GetBookListUsecase.swift in Sources */ = {isa = PBXBuildFile; fileRef = 30903BEA2B08A37800EB69ED /* GetBookListUsecase.swift */; };
		30903BF02B08A37800EB69ED /* GoogleBooksRepository.swift in Sources */ = {isa = PBXBuildFile; fileRef = 30903BEC2B08A37800EB69ED /* GoogleBooksRepository.swift */; };
		30903BF92B08A42400EB69ED /* APILoggerPlugin.swift in Sources */ = {isa = PBXBuildFile; fileRef = 30903BF62B08A42400EB69ED /* APILoggerPlugin.swift */; };
		30903BFA2B08A42400EB69ED /* NetworkProvider.swift in Sources */ = {isa = PBXBuildFile; fileRef = 30903BF82B08A42400EB69ED /* NetworkProvider.swift */; };
		30903C052B08A45C00EB69ED /* Encodable+Sugar.swift in Sources */ = {isa = PBXBuildFile; fileRef = 30903BFD2B08A45C00EB69ED /* Encodable+Sugar.swift */; };
		30903C062B08A45C00EB69ED /* Color+Sugar.swift in Sources */ = {isa = PBXBuildFile; fileRef = 30903BFE2B08A45C00EB69ED /* Color+Sugar.swift */; };
		30903C072B08A45C00EB69ED /* Result+Sugar.swift in Sources */ = {isa = PBXBuildFile; fileRef = 30903BFF2B08A45C00EB69ED /* Result+Sugar.swift */; };
		30903C092B08A45C00EB69ED /* FrameDebugModifier.swift in Sources */ = {isa = PBXBuildFile; fileRef = 30903C042B08A45C00EB69ED /* FrameDebugModifier.swift */; };
		30903C112B08A9F400EB69ED /* ProductImage.swift in Sources */ = {isa = PBXBuildFile; fileRef = 30903C0E2B08A9F400EB69ED /* ProductImage.swift */; };
		30903C122B08A9F400EB69ED /* BorderPaddingButton.swift in Sources */ = {isa = PBXBuildFile; fileRef = 30903C102B08A9F400EB69ED /* BorderPaddingButton.swift */; };
		30903C152B08AA9800EB69ED /* ColorPalette.swift in Sources */ = {isa = PBXBuildFile; fileRef = 30903C142B08AA9800EB69ED /* ColorPalette.swift */; };
		30903C212B08ABAE00EB69ED /* NanumSquare_acR.ttf in Resources */ = {isa = PBXBuildFile; fileRef = 30903C172B08ABAE00EB69ED /* NanumSquare_acR.ttf */; };
		30903C222B08ABAE00EB69ED /* Nexa-ExtraLight.otf in Resources */ = {isa = PBXBuildFile; fileRef = 30903C182B08ABAE00EB69ED /* Nexa-ExtraLight.otf */; };
		30903C232B08ABAE00EB69ED /* NanumSquare_acB.ttf in Resources */ = {isa = PBXBuildFile; fileRef = 30903C192B08ABAE00EB69ED /* NanumSquare_acB.ttf */; };
		30903C242B08ABAE00EB69ED /* Nexa-ExtraBold.otf in Resources */ = {isa = PBXBuildFile; fileRef = 30903C1A2B08ABAE00EB69ED /* Nexa-ExtraBold.otf */; };
		30903C252B08ABAE00EB69ED /* Nexa-Bold.otf in Resources */ = {isa = PBXBuildFile; fileRef = 30903C1B2B08ABAE00EB69ED /* Nexa-Bold.otf */; };
		30903C262B08ABAE00EB69ED /* NanumSquare_acL.ttf in Resources */ = {isa = PBXBuildFile; fileRef = 30903C1C2B08ABAE00EB69ED /* NanumSquare_acL.ttf */; };
		30903C272B08ABAE00EB69ED /* Nexa-Light.otf in Resources */ = {isa = PBXBuildFile; fileRef = 30903C1D2B08ABAE00EB69ED /* Nexa-Light.otf */; };
		30903C282B08ABAE00EB69ED /* NanumSquare_acEB.ttf in Resources */ = {isa = PBXBuildFile; fileRef = 30903C1E2B08ABAE00EB69ED /* NanumSquare_acEB.ttf */; };
		30903C292B08ABAE00EB69ED /* Nexa-Heavy.otf in Resources */ = {isa = PBXBuildFile; fileRef = 30903C1F2B08ABAE00EB69ED /* Nexa-Heavy.otf */; };
		30903C2A2B08ABAE00EB69ED /* Nexa-Regular.otf in Resources */ = {isa = PBXBuildFile; fileRef = 30903C202B08ABAE00EB69ED /* Nexa-Regular.otf */; };
		30903C2F2B0A383200EB69ED /* BusinessInfoView.swift in Sources */ = {isa = PBXBuildFile; fileRef = 30903C2E2B0A383100EB69ED /* BusinessInfoView.swift */; };
		30903C342B0A3A2400EB69ED /* LuanchView.swift in Sources */ = {isa = PBXBuildFile; fileRef = 30903C332B0A3A2400EB69ED /* LuanchView.swift */; };
		30903C362B0A44D500EB69ED /* FontCollection.swift in Sources */ = {isa = PBXBuildFile; fileRef = 30903C352B0A44D500EB69ED /* FontCollection.swift */; };
		30903C3A2B0A4B5400EB69ED /* ImageCollecteion.swift in Sources */ = {isa = PBXBuildFile; fileRef = 30903C392B0A4B5400EB69ED /* ImageCollecteion.swift */; };
		30903C3C2B0CDECA00EB69ED /* LuanchViewMoel.swift in Sources */ = {isa = PBXBuildFile; fileRef = 30903C3B2B0CDECA00EB69ED /* LuanchViewMoel.swift */; };
		30903C3F2B0CDF7600EB69ED /* ViewModelable.swift in Sources */ = {isa = PBXBuildFile; fileRef = 30903C3E2B0CDF7600EB69ED /* ViewModelable.swift */; };
/* End PBXBuildFile section */

/* Begin PBXContainerItemProxy section */
		30903B962B089E7C00EB69ED /* PBXContainerItemProxy */ = {
			isa = PBXContainerItemProxy;
			containerPortal = 30903B7D2B089E7A00EB69ED /* Project object */;
			proxyType = 1;
			remoteGlobalIDString = 30903B842B089E7A00EB69ED;
			remoteInfo = SwiftUI_MVVM_CleanArchitecture;
		};
		30903BA02B089E7C00EB69ED /* PBXContainerItemProxy */ = {
			isa = PBXContainerItemProxy;
			containerPortal = 30903B7D2B089E7A00EB69ED /* Project object */;
			proxyType = 1;
			remoteGlobalIDString = 30903B842B089E7A00EB69ED;
			remoteInfo = SwiftUI_MVVM_CleanArchitecture;
		};
/* End PBXContainerItemProxy section */

/* Begin PBXFileReference section */
		30903B852B089E7A00EB69ED /* SwiftUI_MVVM_CleanArchitecture.app */ = {isa = PBXFileReference; explicitFileType = wrapper.application; includeInIndex = 0; path = SwiftUI_MVVM_CleanArchitecture.app; sourceTree = BUILT_PRODUCTS_DIR; };
		30903B882B089E7A00EB69ED /* SwiftUI_MVVM_CleanArchitectureApp.swift */ = {isa = PBXFileReference; lastKnownFileType = sourcecode.swift; path = SwiftUI_MVVM_CleanArchitectureApp.swift; sourceTree = "<group>"; };
		30903B8C2B089E7C00EB69ED /* Assets.xcassets */ = {isa = PBXFileReference; lastKnownFileType = folder.assetcatalog; path = Assets.xcassets; sourceTree = "<group>"; };
		30903B8F2B089E7C00EB69ED /* Preview Assets.xcassets */ = {isa = PBXFileReference; lastKnownFileType = folder.assetcatalog; path = "Preview Assets.xcassets"; sourceTree = "<group>"; };
		30903B952B089E7C00EB69ED /* SwiftUI_MVVM_CleanArchitectureTests.xctest */ = {isa = PBXFileReference; explicitFileType = wrapper.cfbundle; includeInIndex = 0; path = SwiftUI_MVVM_CleanArchitectureTests.xctest; sourceTree = BUILT_PRODUCTS_DIR; };
		30903B992B089E7C00EB69ED /* SwiftUI_MVVM_CleanArchitectureTests.swift */ = {isa = PBXFileReference; lastKnownFileType = sourcecode.swift; path = SwiftUI_MVVM_CleanArchitectureTests.swift; sourceTree = "<group>"; };
		30903B9F2B089E7C00EB69ED /* SwiftUI_MVVM_CleanArchitectureUITests.xctest */ = {isa = PBXFileReference; explicitFileType = wrapper.cfbundle; includeInIndex = 0; path = SwiftUI_MVVM_CleanArchitectureUITests.xctest; sourceTree = BUILT_PRODUCTS_DIR; };
		30903BA32B089E7C00EB69ED /* SwiftUI_MVVM_CleanArchitectureUITests.swift */ = {isa = PBXFileReference; lastKnownFileType = sourcecode.swift; path = SwiftUI_MVVM_CleanArchitectureUITests.swift; sourceTree = "<group>"; };
		30903BA52B089E7C00EB69ED /* SwiftUI_MVVM_CleanArchitectureUITestsLaunchTests.swift */ = {isa = PBXFileReference; lastKnownFileType = sourcecode.swift; path = SwiftUI_MVVM_CleanArchitectureUITestsLaunchTests.swift; sourceTree = "<group>"; };
		30903BBE2B08A37300EB69ED /* KeyChainServiceKey.swift */ = {isa = PBXFileReference; fileEncoding = 4; lastKnownFileType = sourcecode.swift; path = KeyChainServiceKey.swift; sourceTree = "<group>"; };
		30903BBF2B08A37300EB69ED /* KeyChainService.swift */ = {isa = PBXFileReference; fileEncoding = 4; lastKnownFileType = sourcecode.swift; path = KeyChainService.swift; sourceTree = "<group>"; };
		30903BC22B08A37300EB69ED /* ImageCacheService.swift */ = {isa = PBXFileReference; fileEncoding = 4; lastKnownFileType = sourcecode.swift; path = ImageCacheService.swift; sourceTree = "<group>"; };
		30903BC42B08A37300EB69ED /* GoogleBooksRepositoryImpl.swift */ = {isa = PBXFileReference; fileEncoding = 4; lastKnownFileType = sourcecode.swift; path = GoogleBooksRepositoryImpl.swift; sourceTree = "<group>"; };
		30903BC62B08A37300EB69ED /* GoogleBooksAPI.swift */ = {isa = PBXFileReference; fileEncoding = 4; lastKnownFileType = sourcecode.swift; path = GoogleBooksAPI.swift; sourceTree = "<group>"; };
		30903BC92B08A37300EB69ED /* BookInformationDTO.swift */ = {isa = PBXFileReference; fileEncoding = 4; lastKnownFileType = sourcecode.swift; path = BookInformationDTO.swift; sourceTree = "<group>"; };
		30903BCA2B08A37300EB69ED /* SaleInformationDTO.swift */ = {isa = PBXFileReference; fileEncoding = 4; lastKnownFileType = sourcecode.swift; path = SaleInformationDTO.swift; sourceTree = "<group>"; };
		30903BCB2B08A37300EB69ED /* IndustryIdentifiersDTO.swift */ = {isa = PBXFileReference; fileEncoding = 4; lastKnownFileType = sourcecode.swift; path = IndustryIdentifiersDTO.swift; sourceTree = "<group>"; };
		30903BCC2B08A37300EB69ED /* ImageLinksDTO.swift */ = {isa = PBXFileReference; fileEncoding = 4; lastKnownFileType = sourcecode.swift; path = ImageLinksDTO.swift; sourceTree = "<group>"; };
		30903BCD2B08A37300EB69ED /* ReadingModesDTO.swift */ = {isa = PBXFileReference; fileEncoding = 4; lastKnownFileType = sourcecode.swift; path = ReadingModesDTO.swift; sourceTree = "<group>"; };
		30903BCE2B08A37300EB69ED /* SearchResultDTO.swift */ = {isa = PBXFileReference; fileEncoding = 4; lastKnownFileType = sourcecode.swift; path = SearchResultDTO.swift; sourceTree = "<group>"; };
		30903BCF2B08A37300EB69ED /* LayerInfoDTO.swift */ = {isa = PBXFileReference; fileEncoding = 4; lastKnownFileType = sourcecode.swift; path = LayerInfoDTO.swift; sourceTree = "<group>"; };
		30903BD02B08A37300EB69ED /* ProductDTO.swift */ = {isa = PBXFileReference; fileEncoding = 4; lastKnownFileType = sourcecode.swift; path = ProductDTO.swift; sourceTree = "<group>"; };
		30903BD12B08A37300EB69ED /* AccessInformationDTO.swift */ = {isa = PBXFileReference; fileEncoding = 4; lastKnownFileType = sourcecode.swift; path = AccessInformationDTO.swift; sourceTree = "<group>"; };
		30903BD22B08A37300EB69ED /* DimensionsDTO.swift */ = {isa = PBXFileReference; fileEncoding = 4; lastKnownFileType = sourcecode.swift; path = DimensionsDTO.swift; sourceTree = "<group>"; };
		30903BD32B08A37300EB69ED /* PanelizationSummaryDTO.swift */ = {isa = PBXFileReference; fileEncoding = 4; lastKnownFileType = sourcecode.swift; path = PanelizationSummaryDTO.swift; sourceTree = "<group>"; };
		30903BE62B08A37800EB69ED /* BookSearchRequest.swift */ = {isa = PBXFileReference; fileEncoding = 4; lastKnownFileType = sourcecode.swift; path = BookSearchRequest.swift; sourceTree = "<group>"; };
		30903BE72B08A37800EB69ED /* SearchResult.swift */ = {isa = PBXFileReference; fileEncoding = 4; lastKnownFileType = sourcecode.swift; path = SearchResult.swift; sourceTree = "<group>"; };
		30903BEA2B08A37800EB69ED /* GetBookListUsecase.swift */ = {isa = PBXFileReference; fileEncoding = 4; lastKnownFileType = sourcecode.swift; path = GetBookListUsecase.swift; sourceTree = "<group>"; };
		30903BEC2B08A37800EB69ED /* GoogleBooksRepository.swift */ = {isa = PBXFileReference; fileEncoding = 4; lastKnownFileType = sourcecode.swift; path = GoogleBooksRepository.swift; sourceTree = "<group>"; };
		30903BF62B08A42400EB69ED /* APILoggerPlugin.swift */ = {isa = PBXFileReference; fileEncoding = 4; lastKnownFileType = sourcecode.swift; path = APILoggerPlugin.swift; sourceTree = "<group>"; };
		30903BF82B08A42400EB69ED /* NetworkProvider.swift */ = {isa = PBXFileReference; fileEncoding = 4; lastKnownFileType = sourcecode.swift; path = NetworkProvider.swift; sourceTree = "<group>"; };
		30903BFD2B08A45C00EB69ED /* Encodable+Sugar.swift */ = {isa = PBXFileReference; fileEncoding = 4; lastKnownFileType = sourcecode.swift; path = "Encodable+Sugar.swift"; sourceTree = "<group>"; };
		30903BFE2B08A45C00EB69ED /* Color+Sugar.swift */ = {isa = PBXFileReference; fileEncoding = 4; lastKnownFileType = sourcecode.swift; path = "Color+Sugar.swift"; sourceTree = "<group>"; };
		30903BFF2B08A45C00EB69ED /* Result+Sugar.swift */ = {isa = PBXFileReference; fileEncoding = 4; lastKnownFileType = sourcecode.swift; path = "Result+Sugar.swift"; sourceTree = "<group>"; };
		30903C042B08A45C00EB69ED /* FrameDebugModifier.swift */ = {isa = PBXFileReference; fileEncoding = 4; lastKnownFileType = sourcecode.swift; path = FrameDebugModifier.swift; sourceTree = "<group>"; };
		30903C0E2B08A9F400EB69ED /* ProductImage.swift */ = {isa = PBXFileReference; fileEncoding = 4; lastKnownFileType = sourcecode.swift; path = ProductImage.swift; sourceTree = "<group>"; };
		30903C102B08A9F400EB69ED /* BorderPaddingButton.swift */ = {isa = PBXFileReference; fileEncoding = 4; lastKnownFileType = sourcecode.swift; path = BorderPaddingButton.swift; sourceTree = "<group>"; };
		30903C142B08AA9800EB69ED /* ColorPalette.swift */ = {isa = PBXFileReference; fileEncoding = 4; lastKnownFileType = sourcecode.swift; path = ColorPalette.swift; sourceTree = "<group>"; };
		30903C172B08ABAE00EB69ED /* NanumSquare_acR.ttf */ = {isa = PBXFileReference; lastKnownFileType = file; path = NanumSquare_acR.ttf; sourceTree = "<group>"; };
		30903C182B08ABAE00EB69ED /* Nexa-ExtraLight.otf */ = {isa = PBXFileReference; lastKnownFileType = file; path = "Nexa-ExtraLight.otf"; sourceTree = "<group>"; };
		30903C192B08ABAE00EB69ED /* NanumSquare_acB.ttf */ = {isa = PBXFileReference; lastKnownFileType = file; path = NanumSquare_acB.ttf; sourceTree = "<group>"; };
		30903C1A2B08ABAE00EB69ED /* Nexa-ExtraBold.otf */ = {isa = PBXFileReference; lastKnownFileType = file; path = "Nexa-ExtraBold.otf"; sourceTree = "<group>"; };
		30903C1B2B08ABAE00EB69ED /* Nexa-Bold.otf */ = {isa = PBXFileReference; lastKnownFileType = file; path = "Nexa-Bold.otf"; sourceTree = "<group>"; };
		30903C1C2B08ABAE00EB69ED /* NanumSquare_acL.ttf */ = {isa = PBXFileReference; lastKnownFileType = file; path = NanumSquare_acL.ttf; sourceTree = "<group>"; };
		30903C1D2B08ABAE00EB69ED /* Nexa-Light.otf */ = {isa = PBXFileReference; lastKnownFileType = file; path = "Nexa-Light.otf"; sourceTree = "<group>"; };
		30903C1E2B08ABAE00EB69ED /* NanumSquare_acEB.ttf */ = {isa = PBXFileReference; lastKnownFileType = file; path = NanumSquare_acEB.ttf; sourceTree = "<group>"; };
		30903C1F2B08ABAE00EB69ED /* Nexa-Heavy.otf */ = {isa = PBXFileReference; lastKnownFileType = file; path = "Nexa-Heavy.otf"; sourceTree = "<group>"; };
		30903C202B08ABAE00EB69ED /* Nexa-Regular.otf */ = {isa = PBXFileReference; lastKnownFileType = file; path = "Nexa-Regular.otf"; sourceTree = "<group>"; };
		30903C2E2B0A383100EB69ED /* BusinessInfoView.swift */ = {isa = PBXFileReference; lastKnownFileType = sourcecode.swift; path = BusinessInfoView.swift; sourceTree = "<group>"; };
		30903C332B0A3A2400EB69ED /* LuanchView.swift */ = {isa = PBXFileReference; lastKnownFileType = sourcecode.swift; path = LuanchView.swift; sourceTree = "<group>"; };
		30903C352B0A44D500EB69ED /* FontCollection.swift */ = {isa = PBXFileReference; lastKnownFileType = sourcecode.swift; path = FontCollection.swift; sourceTree = "<group>"; };
		30903C392B0A4B5400EB69ED /* ImageCollecteion.swift */ = {isa = PBXFileReference; lastKnownFileType = sourcecode.swift; path = ImageCollecteion.swift; sourceTree = "<group>"; };
		30903C3B2B0CDECA00EB69ED /* LuanchViewMoel.swift */ = {isa = PBXFileReference; lastKnownFileType = sourcecode.swift; path = LuanchViewMoel.swift; sourceTree = "<group>"; };
		30903C3E2B0CDF7600EB69ED /* ViewModelable.swift */ = {isa = PBXFileReference; fileEncoding = 4; lastKnownFileType = sourcecode.swift; path = ViewModelable.swift; sourceTree = "<group>"; };
/* End PBXFileReference section */

/* Begin PBXFrameworksBuildPhase section */
		30903B822B089E7A00EB69ED /* Frameworks */ = {
			isa = PBXFrameworksBuildPhase;
			buildActionMask = 2147483647;
			files = (
				30903BBA2B08A27500EB69ED /* Moya in Frameworks */,
				30903BB72B08A25900EB69ED /* Kingfisher in Frameworks */,
			);
			runOnlyForDeploymentPostprocessing = 0;
		};
		30903B922B089E7C00EB69ED /* Frameworks */ = {
			isa = PBXFrameworksBuildPhase;
			buildActionMask = 2147483647;
			files = (
			);
			runOnlyForDeploymentPostprocessing = 0;
		};
		30903B9C2B089E7C00EB69ED /* Frameworks */ = {
			isa = PBXFrameworksBuildPhase;
			buildActionMask = 2147483647;
			files = (
			);
			runOnlyForDeploymentPostprocessing = 0;
		};
/* End PBXFrameworksBuildPhase section */

/* Begin PBXGroup section */
		30903B7C2B089E7A00EB69ED = {
			isa = PBXGroup;
			children = (
				30903B872B089E7A00EB69ED /* SwiftUI_MVVM_CleanArchitecture */,
				30903B982B089E7C00EB69ED /* SwiftUI_MVVM_CleanArchitectureTests */,
				30903BA22B089E7C00EB69ED /* SwiftUI_MVVM_CleanArchitectureUITests */,
				30903B862B089E7A00EB69ED /* Products */,
			);
			sourceTree = "<group>";
		};
		30903B862B089E7A00EB69ED /* Products */ = {
			isa = PBXGroup;
			children = (
				30903B852B089E7A00EB69ED /* SwiftUI_MVVM_CleanArchitecture.app */,
				30903B952B089E7C00EB69ED /* SwiftUI_MVVM_CleanArchitectureTests.xctest */,
				30903B9F2B089E7C00EB69ED /* SwiftUI_MVVM_CleanArchitectureUITests.xctest */,
			);
			name = Products;
			sourceTree = "<group>";
		};
		30903B872B089E7A00EB69ED /* SwiftUI_MVVM_CleanArchitecture */ = {
			isa = PBXGroup;
			children = (
				30903BB32B089E8C00EB69ED /* Resource */,
				30903BB22B089E8600EB69ED /* Sourece */,
			);
			path = SwiftUI_MVVM_CleanArchitecture;
			sourceTree = "<group>";
		};
		30903B982B089E7C00EB69ED /* SwiftUI_MVVM_CleanArchitectureTests */ = {
			isa = PBXGroup;
			children = (
				30903B992B089E7C00EB69ED /* SwiftUI_MVVM_CleanArchitectureTests.swift */,
			);
			path = SwiftUI_MVVM_CleanArchitectureTests;
			sourceTree = "<group>";
		};
		30903BA22B089E7C00EB69ED /* SwiftUI_MVVM_CleanArchitectureUITests */ = {
			isa = PBXGroup;
			children = (
				30903BA32B089E7C00EB69ED /* SwiftUI_MVVM_CleanArchitectureUITests.swift */,
				30903BA52B089E7C00EB69ED /* SwiftUI_MVVM_CleanArchitectureUITestsLaunchTests.swift */,
			);
			path = SwiftUI_MVVM_CleanArchitectureUITests;
			sourceTree = "<group>";
		};
		30903BB22B089E8600EB69ED /* Sourece */ = {
			isa = PBXGroup;
			children = (
				30903BF12B08A3B300EB69ED /* Application */,
				30903BF22B08A3CB00EB69ED /* Presentation */,
				30903BE42B08A37800EB69ED /* Domain */,
				30903BBB2B08A37300EB69ED /* Data */,
				30903BFB2B08A45C00EB69ED /* Utils */,
				30903BF32B08A42400EB69ED /* Common */,
			);
			path = Sourece;
			sourceTree = "<group>";
		};
		30903BB32B089E8C00EB69ED /* Resource */ = {
			isa = PBXGroup;
			children = (
				30903BB42B089FE100EB69ED /* Assets */,
				30903C132B08AA9800EB69ED /* Color */,
				30903C162B08ABAE00EB69ED /* Fonts */,
				30903C372B0A4B3000EB69ED /* Image */,
			);
			path = Resource;
			sourceTree = "<group>";
		};
		30903BB42B089FE100EB69ED /* Assets */ = {
			isa = PBXGroup;
			children = (
				30903B8C2B089E7C00EB69ED /* Assets.xcassets */,
				30903B8F2B089E7C00EB69ED /* Preview Assets.xcassets */,
			);
			path = Assets;
			sourceTree = "<group>";
		};
		30903BBB2B08A37300EB69ED /* Data */ = {
			isa = PBXGroup;
			children = (
				30903BC32B08A37300EB69ED /* Repository */,
				30903BC72B08A37300EB69ED /* DTOModel */,
				30903BBC2B08A37300EB69ED /* DataBase */,
				30903BC52B08A37300EB69ED /* Server */,
			);
			path = Data;
			sourceTree = "<group>";
		};
		30903BBC2B08A37300EB69ED /* DataBase */ = {
			isa = PBXGroup;
			children = (
				30903BBD2B08A37300EB69ED /* KeyChainService */,
				30903BC02B08A37300EB69ED /* CacheService */,
			);
			path = DataBase;
			sourceTree = "<group>";
		};
		30903BBD2B08A37300EB69ED /* KeyChainService */ = {
			isa = PBXGroup;
			children = (
				30903BBE2B08A37300EB69ED /* KeyChainServiceKey.swift */,
				30903BBF2B08A37300EB69ED /* KeyChainService.swift */,
			);
			path = KeyChainService;
			sourceTree = "<group>";
		};
		30903BC02B08A37300EB69ED /* CacheService */ = {
			isa = PBXGroup;
			children = (
				30903BC12B08A37300EB69ED /* ImageCacheService */,
			);
			path = CacheService;
			sourceTree = "<group>";
		};
		30903BC12B08A37300EB69ED /* ImageCacheService */ = {
			isa = PBXGroup;
			children = (
				30903BC22B08A37300EB69ED /* ImageCacheService.swift */,
			);
			path = ImageCacheService;
			sourceTree = "<group>";
		};
		30903BC32B08A37300EB69ED /* Repository */ = {
			isa = PBXGroup;
			children = (
				30903BC42B08A37300EB69ED /* GoogleBooksRepositoryImpl.swift */,
			);
			path = Repository;
			sourceTree = "<group>";
		};
		30903BC52B08A37300EB69ED /* Server */ = {
			isa = PBXGroup;
			children = (
				30903BC62B08A37300EB69ED /* GoogleBooksAPI.swift */,
			);
			path = Server;
			sourceTree = "<group>";
		};
		30903BC72B08A37300EB69ED /* DTOModel */ = {
			isa = PBXGroup;
			children = (
				30903BC82B08A37300EB69ED /* GoogleBooksDTO */,
			);
			path = DTOModel;
			sourceTree = "<group>";
		};
		30903BC82B08A37300EB69ED /* GoogleBooksDTO */ = {
			isa = PBXGroup;
			children = (
				30903BC92B08A37300EB69ED /* BookInformationDTO.swift */,
				30903BCA2B08A37300EB69ED /* SaleInformationDTO.swift */,
				30903BCB2B08A37300EB69ED /* IndustryIdentifiersDTO.swift */,
				30903BCC2B08A37300EB69ED /* ImageLinksDTO.swift */,
				30903BCD2B08A37300EB69ED /* ReadingModesDTO.swift */,
				30903BCE2B08A37300EB69ED /* SearchResultDTO.swift */,
				30903BCF2B08A37300EB69ED /* LayerInfoDTO.swift */,
				30903BD02B08A37300EB69ED /* ProductDTO.swift */,
				30903BD12B08A37300EB69ED /* AccessInformationDTO.swift */,
				30903BD22B08A37300EB69ED /* DimensionsDTO.swift */,
				30903BD32B08A37300EB69ED /* PanelizationSummaryDTO.swift */,
			);
			path = GoogleBooksDTO;
			sourceTree = "<group>";
		};
		30903BE42B08A37800EB69ED /* Domain */ = {
			isa = PBXGroup;
			children = (
				30903BE52B08A37800EB69ED /* Entity */,
				30903BE82B08A37800EB69ED /* Usecase */,
				30903BEB2B08A37800EB69ED /* Interfaces */,
			);
			path = Domain;
			sourceTree = "<group>";
		};
		30903BE52B08A37800EB69ED /* Entity */ = {
			isa = PBXGroup;
			children = (
				30903C0B2B08A82F00EB69ED /* Model */,
				30903C0A2B08A82200EB69ED /* Request */,
			);
			path = Entity;
			sourceTree = "<group>";
		};
		30903BE82B08A37800EB69ED /* Usecase */ = {
			isa = PBXGroup;
			children = (
				30903BE92B08A37800EB69ED /* Book */,
			);
			path = Usecase;
			sourceTree = "<group>";
		};
		30903BE92B08A37800EB69ED /* Book */ = {
			isa = PBXGroup;
			children = (
				30903BEA2B08A37800EB69ED /* GetBookListUsecase.swift */,
			);
			path = Book;
			sourceTree = "<group>";
		};
		30903BEB2B08A37800EB69ED /* Interfaces */ = {
			isa = PBXGroup;
			children = (
				30903BEC2B08A37800EB69ED /* GoogleBooksRepository.swift */,
			);
			path = Interfaces;
			sourceTree = "<group>";
		};
		30903BF12B08A3B300EB69ED /* Application */ = {
			isa = PBXGroup;
			children = (
				30903B882B089E7A00EB69ED /* SwiftUI_MVVM_CleanArchitectureApp.swift */,
			);
			path = Application;
			sourceTree = "<group>";
		};
		30903BF22B08A3CB00EB69ED /* Presentation */ = {
			isa = PBXGroup;
			children = (
				30903C3D2B0CDF6B00EB69ED /* Protocol */,
				30903C0C2B08A9F400EB69ED /* Components */,
				30903C302B0A39DA00EB69ED /* Luanch */,
				30903C2B2B0A380500EB69ED /* Main */,
			);
			path = Presentation;
			sourceTree = "<group>";
		};
		30903BF32B08A42400EB69ED /* Common */ = {
			isa = PBXGroup;
			children = (
				30903BF42B08A42400EB69ED /* NetworkProvider */,
			);
			path = Common;
			sourceTree = "<group>";
		};
		30903BF42B08A42400EB69ED /* NetworkProvider */ = {
			isa = PBXGroup;
			children = (
				30903BF52B08A42400EB69ED /* Plugin */,
				30903BF72B08A42400EB69ED /* Provider */,
			);
			path = NetworkProvider;
			sourceTree = "<group>";
		};
		30903BF52B08A42400EB69ED /* Plugin */ = {
			isa = PBXGroup;
			children = (
				30903BF62B08A42400EB69ED /* APILoggerPlugin.swift */,
			);
			path = Plugin;
			sourceTree = "<group>";
		};
		30903BF72B08A42400EB69ED /* Provider */ = {
			isa = PBXGroup;
			children = (
				30903BF82B08A42400EB69ED /* NetworkProvider.swift */,
			);
			path = Provider;
			sourceTree = "<group>";
		};
		30903BFB2B08A45C00EB69ED /* Utils */ = {
			isa = PBXGroup;
			children = (
				30903BFC2B08A45C00EB69ED /* Extension */,
				30903C002B08A45C00EB69ED /* Modifier */,
			);
			path = Utils;
			sourceTree = "<group>";
		};
		30903BFC2B08A45C00EB69ED /* Extension */ = {
			isa = PBXGroup;
			children = (
				30903BFD2B08A45C00EB69ED /* Encodable+Sugar.swift */,
				30903BFE2B08A45C00EB69ED /* Color+Sugar.swift */,
				30903BFF2B08A45C00EB69ED /* Result+Sugar.swift */,
			);
			path = Extension;
			sourceTree = "<group>";
		};
		30903C002B08A45C00EB69ED /* Modifier */ = {
			isa = PBXGroup;
			children = (
				30903C032B08A45C00EB69ED /* Debug */,
			);
			path = Modifier;
			sourceTree = "<group>";
		};
		30903C032B08A45C00EB69ED /* Debug */ = {
			isa = PBXGroup;
			children = (
				30903C042B08A45C00EB69ED /* FrameDebugModifier.swift */,
			);
			path = Debug;
			sourceTree = "<group>";
		};
		30903C0A2B08A82200EB69ED /* Request */ = {
			isa = PBXGroup;
			children = (
				30903BE62B08A37800EB69ED /* BookSearchRequest.swift */,
			);
			path = Request;
			sourceTree = "<group>";
		};
		30903C0B2B08A82F00EB69ED /* Model */ = {
			isa = PBXGroup;
			children = (
				30903BE72B08A37800EB69ED /* SearchResult.swift */,
			);
			path = Model;
			sourceTree = "<group>";
		};
		30903C0C2B08A9F400EB69ED /* Components */ = {
			isa = PBXGroup;
			children = (
				30903C2D2B0A382200EB69ED /* View */,
				30903C0D2B08A9F400EB69ED /* Image */,
				30903C0F2B08A9F400EB69ED /* Button */,
			);
			path = Components;
			sourceTree = "<group>";
		};
		30903C0D2B08A9F400EB69ED /* Image */ = {
			isa = PBXGroup;
			children = (
				30903C0E2B08A9F400EB69ED /* ProductImage.swift */,
			);
			path = Image;
			sourceTree = "<group>";
		};
		30903C0F2B08A9F400EB69ED /* Button */ = {
			isa = PBXGroup;
			children = (
				30903C102B08A9F400EB69ED /* BorderPaddingButton.swift */,
			);
			path = Button;
			sourceTree = "<group>";
		};
		30903C132B08AA9800EB69ED /* Color */ = {
			isa = PBXGroup;
			children = (
				30903C142B08AA9800EB69ED /* ColorPalette.swift */,
			);
			path = Color;
			sourceTree = "<group>";
		};
		30903C162B08ABAE00EB69ED /* Fonts */ = {
			isa = PBXGroup;
			children = (
				30903C352B0A44D500EB69ED /* FontCollection.swift */,
				30903C172B08ABAE00EB69ED /* NanumSquare_acR.ttf */,
				30903C182B08ABAE00EB69ED /* Nexa-ExtraLight.otf */,
				30903C192B08ABAE00EB69ED /* NanumSquare_acB.ttf */,
				30903C1A2B08ABAE00EB69ED /* Nexa-ExtraBold.otf */,
				30903C1B2B08ABAE00EB69ED /* Nexa-Bold.otf */,
				30903C1C2B08ABAE00EB69ED /* NanumSquare_acL.ttf */,
				30903C1D2B08ABAE00EB69ED /* Nexa-Light.otf */,
				30903C1E2B08ABAE00EB69ED /* NanumSquare_acEB.ttf */,
				30903C1F2B08ABAE00EB69ED /* Nexa-Heavy.otf */,
				30903C202B08ABAE00EB69ED /* Nexa-Regular.otf */,
			);
			path = Fonts;
			sourceTree = "<group>";
		};
		30903C2B2B0A380500EB69ED /* Main */ = {
			isa = PBXGroup;
			children = (
			);
			path = Main;
			sourceTree = "<group>";
		};
		30903C2D2B0A382200EB69ED /* View */ = {
			isa = PBXGroup;
			children = (
				30903C2E2B0A383100EB69ED /* BusinessInfoView.swift */,
			);
			path = View;
			sourceTree = "<group>";
		};
		30903C302B0A39DA00EB69ED /* Luanch */ = {
			isa = PBXGroup;
			children = (
				30903C322B0A39F200EB69ED /* ViewModel */,
				30903C312B0A39EE00EB69ED /* View */,
			);
			path = Luanch;
			sourceTree = "<group>";
		};
		30903C312B0A39EE00EB69ED /* View */ = {
			isa = PBXGroup;
			children = (
				30903C332B0A3A2400EB69ED /* LuanchView.swift */,
			);
			path = View;
			sourceTree = "<group>";
		};
		30903C322B0A39F200EB69ED /* ViewModel */ = {
			isa = PBXGroup;
			children = (
				30903C3B2B0CDECA00EB69ED /* LuanchViewMoel.swift */,
			);
			path = ViewModel;
			sourceTree = "<group>";
		};
		30903C372B0A4B3000EB69ED /* Image */ = {
			isa = PBXGroup;
			children = (
				30903C392B0A4B5400EB69ED /* ImageCollecteion.swift */,
			);
			path = Image;
			sourceTree = "<group>";
		};
		30903C3D2B0CDF6B00EB69ED /* Protocol */ = {
			isa = PBXGroup;
			children = (
				30903C3E2B0CDF7600EB69ED /* ViewModelable.swift */,
			);
			path = Protocol;
			sourceTree = "<group>";
		};
/* End PBXGroup section */

/* Begin PBXNativeTarget section */
		30903B842B089E7A00EB69ED /* SwiftUI_MVVM_CleanArchitecture */ = {
			isa = PBXNativeTarget;
			buildConfigurationList = 30903BA92B089E7C00EB69ED /* Build configuration list for PBXNativeTarget "SwiftUI_MVVM_CleanArchitecture" */;
			buildPhases = (
				30903B812B089E7A00EB69ED /* Sources */,
				30903B822B089E7A00EB69ED /* Frameworks */,
				30903B832B089E7A00EB69ED /* Resources */,
			);
			buildRules = (
			);
			dependencies = (
			);
			name = SwiftUI_MVVM_CleanArchitecture;
			packageProductDependencies = (
				30903BB62B08A25900EB69ED /* Kingfisher */,
				30903BB92B08A27500EB69ED /* Moya */,
			);
			productName = SwiftUI_MVVM_CleanArchitecture;
			productReference = 30903B852B089E7A00EB69ED /* SwiftUI_MVVM_CleanArchitecture.app */;
			productType = "com.apple.product-type.application";
		};
		30903B942B089E7C00EB69ED /* SwiftUI_MVVM_CleanArchitectureTests */ = {
			isa = PBXNativeTarget;
			buildConfigurationList = 30903BAC2B089E7C00EB69ED /* Build configuration list for PBXNativeTarget "SwiftUI_MVVM_CleanArchitectureTests" */;
			buildPhases = (
				30903B912B089E7C00EB69ED /* Sources */,
				30903B922B089E7C00EB69ED /* Frameworks */,
				30903B932B089E7C00EB69ED /* Resources */,
			);
			buildRules = (
			);
			dependencies = (
				30903B972B089E7C00EB69ED /* PBXTargetDependency */,
			);
			name = SwiftUI_MVVM_CleanArchitectureTests;
			productName = SwiftUI_MVVM_CleanArchitectureTests;
			productReference = 30903B952B089E7C00EB69ED /* SwiftUI_MVVM_CleanArchitectureTests.xctest */;
			productType = "com.apple.product-type.bundle.unit-test";
		};
		30903B9E2B089E7C00EB69ED /* SwiftUI_MVVM_CleanArchitectureUITests */ = {
			isa = PBXNativeTarget;
			buildConfigurationList = 30903BAF2B089E7C00EB69ED /* Build configuration list for PBXNativeTarget "SwiftUI_MVVM_CleanArchitectureUITests" */;
			buildPhases = (
				30903B9B2B089E7C00EB69ED /* Sources */,
				30903B9C2B089E7C00EB69ED /* Frameworks */,
				30903B9D2B089E7C00EB69ED /* Resources */,
			);
			buildRules = (
			);
			dependencies = (
				30903BA12B089E7C00EB69ED /* PBXTargetDependency */,
			);
			name = SwiftUI_MVVM_CleanArchitectureUITests;
			productName = SwiftUI_MVVM_CleanArchitectureUITests;
			productReference = 30903B9F2B089E7C00EB69ED /* SwiftUI_MVVM_CleanArchitectureUITests.xctest */;
			productType = "com.apple.product-type.bundle.ui-testing";
		};
/* End PBXNativeTarget section */

/* Begin PBXProject section */
		30903B7D2B089E7A00EB69ED /* Project object */ = {
			isa = PBXProject;
			attributes = {
				BuildIndependentTargetsInParallel = 1;
				LastSwiftUpdateCheck = 1500;
				LastUpgradeCheck = 1500;
				TargetAttributes = {
					30903B842B089E7A00EB69ED = {
						CreatedOnToolsVersion = 15.0;
					};
					30903B942B089E7C00EB69ED = {
						CreatedOnToolsVersion = 15.0;
						TestTargetID = 30903B842B089E7A00EB69ED;
					};
					30903B9E2B089E7C00EB69ED = {
						CreatedOnToolsVersion = 15.0;
						TestTargetID = 30903B842B089E7A00EB69ED;
					};
				};
			};
			buildConfigurationList = 30903B802B089E7A00EB69ED /* Build configuration list for PBXProject "SwiftUI_MVVM_CleanArchitecture" */;
			compatibilityVersion = "Xcode 14.0";
			developmentRegion = en;
			hasScannedForEncodings = 0;
			knownRegions = (
				en,
				Base,
			);
			mainGroup = 30903B7C2B089E7A00EB69ED;
			packageReferences = (
				30903BB52B08A25900EB69ED /* XCRemoteSwiftPackageReference "Kingfisher" */,
				30903BB82B08A27500EB69ED /* XCRemoteSwiftPackageReference "Moya" */,
			);
			productRefGroup = 30903B862B089E7A00EB69ED /* Products */;
			projectDirPath = "";
			projectRoot = "";
			targets = (
				30903B842B089E7A00EB69ED /* SwiftUI_MVVM_CleanArchitecture */,
				30903B942B089E7C00EB69ED /* SwiftUI_MVVM_CleanArchitectureTests */,
				30903B9E2B089E7C00EB69ED /* SwiftUI_MVVM_CleanArchitectureUITests */,
			);
		};
/* End PBXProject section */

/* Begin PBXResourcesBuildPhase section */
		30903B832B089E7A00EB69ED /* Resources */ = {
			isa = PBXResourcesBuildPhase;
			buildActionMask = 2147483647;
			files = (
				30903C212B08ABAE00EB69ED /* NanumSquare_acR.ttf in Resources */,
				30903B902B089E7C00EB69ED /* Preview Assets.xcassets in Resources */,
				30903C2A2B08ABAE00EB69ED /* Nexa-Regular.otf in Resources */,
				30903C282B08ABAE00EB69ED /* NanumSquare_acEB.ttf in Resources */,
				30903C292B08ABAE00EB69ED /* Nexa-Heavy.otf in Resources */,
				30903B8D2B089E7C00EB69ED /* Assets.xcassets in Resources */,
				30903C222B08ABAE00EB69ED /* Nexa-ExtraLight.otf in Resources */,
				30903C232B08ABAE00EB69ED /* NanumSquare_acB.ttf in Resources */,
				30903C242B08ABAE00EB69ED /* Nexa-ExtraBold.otf in Resources */,
				30903C272B08ABAE00EB69ED /* Nexa-Light.otf in Resources */,
				30903C262B08ABAE00EB69ED /* NanumSquare_acL.ttf in Resources */,
				30903C252B08ABAE00EB69ED /* Nexa-Bold.otf in Resources */,
			);
			runOnlyForDeploymentPostprocessing = 0;
		};
		30903B932B089E7C00EB69ED /* Resources */ = {
			isa = PBXResourcesBuildPhase;
			buildActionMask = 2147483647;
			files = (
			);
			runOnlyForDeploymentPostprocessing = 0;
		};
		30903B9D2B089E7C00EB69ED /* Resources */ = {
			isa = PBXResourcesBuildPhase;
			buildActionMask = 2147483647;
			files = (
			);
			runOnlyForDeploymentPostprocessing = 0;
		};
/* End PBXResourcesBuildPhase section */

/* Begin PBXSourcesBuildPhase section */
		30903B812B089E7A00EB69ED /* Sources */ = {
			isa = PBXSourcesBuildPhase;
			buildActionMask = 2147483647;
			files = (
				30903BF92B08A42400EB69ED /* APILoggerPlugin.swift in Sources */,
				30903C122B08A9F400EB69ED /* BorderPaddingButton.swift in Sources */,
				30903BED2B08A37800EB69ED /* BookSearchRequest.swift in Sources */,
				30903C2F2B0A383200EB69ED /* BusinessInfoView.swift in Sources */,
				30903BEE2B08A37800EB69ED /* SearchResult.swift in Sources */,
				30903C112B08A9F400EB69ED /* ProductImage.swift in Sources */,
				30903BDD2B08A37300EB69ED /* ReadingModesDTO.swift in Sources */,
				30903C3A2B0A4B5400EB69ED /* ImageCollecteion.swift in Sources */,
				30903BFA2B08A42400EB69ED /* NetworkProvider.swift in Sources */,
				30903BD52B08A37300EB69ED /* KeyChainService.swift in Sources */,
				30903BEF2B08A37800EB69ED /* GetBookListUsecase.swift in Sources */,
				30903C052B08A45C00EB69ED /* Encodable+Sugar.swift in Sources */,
				30903BD42B08A37300EB69ED /* KeyChainServiceKey.swift in Sources */,
				30903BE12B08A37300EB69ED /* AccessInformationDTO.swift in Sources */,
				30903C152B08AA9800EB69ED /* ColorPalette.swift in Sources */,
				30903BD92B08A37300EB69ED /* BookInformationDTO.swift in Sources */,
				30903C342B0A3A2400EB69ED /* LuanchView.swift in Sources */,
				30903BDE2B08A37300EB69ED /* SearchResultDTO.swift in Sources */,
				30903C3C2B0CDECA00EB69ED /* LuanchViewMoel.swift in Sources */,
				30903B892B089E7A00EB69ED /* SwiftUI_MVVM_CleanArchitectureApp.swift in Sources */,
				30903BDA2B08A37300EB69ED /* SaleInformationDTO.swift in Sources */,
				30903C362B0A44D500EB69ED /* FontCollection.swift in Sources */,
				30903BDB2B08A37300EB69ED /* IndustryIdentifiersDTO.swift in Sources */,
				30903C092B08A45C00EB69ED /* FrameDebugModifier.swift in Sources */,
				30903BE22B08A37300EB69ED /* DimensionsDTO.swift in Sources */,
				30903BDF2B08A37300EB69ED /* LayerInfoDTO.swift in Sources */,
				30903BE32B08A37300EB69ED /* PanelizationSummaryDTO.swift in Sources */,
				30903BDC2B08A37300EB69ED /* ImageLinksDTO.swift in Sources */,
				30903BD62B08A37300EB69ED /* ImageCacheService.swift in Sources */,
				30903BE02B08A37300EB69ED /* ProductDTO.swift in Sources */,
				30903C3F2B0CDF7600EB69ED /* ViewModelable.swift in Sources */,
				30903BF02B08A37800EB69ED /* GoogleBooksRepository.swift in Sources */,
				30903BD82B08A37300EB69ED /* GoogleBooksAPI.swift in Sources */,
				30903C062B08A45C00EB69ED /* Color+Sugar.swift in Sources */,
				30903BD72B08A37300EB69ED /* GoogleBooksRepositoryImpl.swift in Sources */,
				30903C072B08A45C00EB69ED /* Result+Sugar.swift in Sources */,
			);
			runOnlyForDeploymentPostprocessing = 0;
		};
		30903B912B089E7C00EB69ED /* Sources */ = {
			isa = PBXSourcesBuildPhase;
			buildActionMask = 2147483647;
			files = (
				30903B9A2B089E7C00EB69ED /* SwiftUI_MVVM_CleanArchitectureTests.swift in Sources */,
			);
			runOnlyForDeploymentPostprocessing = 0;
		};
		30903B9B2B089E7C00EB69ED /* Sources */ = {
			isa = PBXSourcesBuildPhase;
			buildActionMask = 2147483647;
			files = (
				30903BA42B089E7C00EB69ED /* SwiftUI_MVVM_CleanArchitectureUITests.swift in Sources */,
				30903BA62B089E7C00EB69ED /* SwiftUI_MVVM_CleanArchitectureUITestsLaunchTests.swift in Sources */,
			);
			runOnlyForDeploymentPostprocessing = 0;
		};
/* End PBXSourcesBuildPhase section */

/* Begin PBXTargetDependency section */
		30903B972B089E7C00EB69ED /* PBXTargetDependency */ = {
			isa = PBXTargetDependency;
			target = 30903B842B089E7A00EB69ED /* SwiftUI_MVVM_CleanArchitecture */;
			targetProxy = 30903B962B089E7C00EB69ED /* PBXContainerItemProxy */;
		};
		30903BA12B089E7C00EB69ED /* PBXTargetDependency */ = {
			isa = PBXTargetDependency;
			target = 30903B842B089E7A00EB69ED /* SwiftUI_MVVM_CleanArchitecture */;
			targetProxy = 30903BA02B089E7C00EB69ED /* PBXContainerItemProxy */;
		};
/* End PBXTargetDependency section */

/* Begin XCBuildConfiguration section */
		30903BA72B089E7C00EB69ED /* Debug */ = {
			isa = XCBuildConfiguration;
			buildSettings = {
				ALWAYS_SEARCH_USER_PATHS = NO;
				ASSETCATALOG_COMPILER_GENERATE_SWIFT_ASSET_SYMBOL_EXTENSIONS = YES;
				CLANG_ANALYZER_NONNULL = YES;
				CLANG_ANALYZER_NUMBER_OBJECT_CONVERSION = YES_AGGRESSIVE;
				CLANG_CXX_LANGUAGE_STANDARD = "gnu++20";
				CLANG_ENABLE_MODULES = YES;
				CLANG_ENABLE_OBJC_ARC = YES;
				CLANG_ENABLE_OBJC_WEAK = YES;
				CLANG_WARN_BLOCK_CAPTURE_AUTORELEASING = YES;
				CLANG_WARN_BOOL_CONVERSION = YES;
				CLANG_WARN_COMMA = YES;
				CLANG_WARN_CONSTANT_CONVERSION = YES;
				CLANG_WARN_DEPRECATED_OBJC_IMPLEMENTATIONS = YES;
				CLANG_WARN_DIRECT_OBJC_ISA_USAGE = YES_ERROR;
				CLANG_WARN_DOCUMENTATION_COMMENTS = YES;
				CLANG_WARN_EMPTY_BODY = YES;
				CLANG_WARN_ENUM_CONVERSION = YES;
				CLANG_WARN_INFINITE_RECURSION = YES;
				CLANG_WARN_INT_CONVERSION = YES;
				CLANG_WARN_NON_LITERAL_NULL_CONVERSION = YES;
				CLANG_WARN_OBJC_IMPLICIT_RETAIN_SELF = YES;
				CLANG_WARN_OBJC_LITERAL_CONVERSION = YES;
				CLANG_WARN_OBJC_ROOT_CLASS = YES_ERROR;
				CLANG_WARN_QUOTED_INCLUDE_IN_FRAMEWORK_HEADER = YES;
				CLANG_WARN_RANGE_LOOP_ANALYSIS = YES;
				CLANG_WARN_STRICT_PROTOTYPES = YES;
				CLANG_WARN_SUSPICIOUS_MOVE = YES;
				CLANG_WARN_UNGUARDED_AVAILABILITY = YES_AGGRESSIVE;
				CLANG_WARN_UNREACHABLE_CODE = YES;
				CLANG_WARN__DUPLICATE_METHOD_MATCH = YES;
				COPY_PHASE_STRIP = NO;
				DEBUG_INFORMATION_FORMAT = dwarf;
				ENABLE_STRICT_OBJC_MSGSEND = YES;
				ENABLE_TESTABILITY = YES;
				ENABLE_USER_SCRIPT_SANDBOXING = YES;
				GCC_C_LANGUAGE_STANDARD = gnu17;
				GCC_DYNAMIC_NO_PIC = NO;
				GCC_NO_COMMON_BLOCKS = YES;
				GCC_OPTIMIZATION_LEVEL = 0;
				GCC_PREPROCESSOR_DEFINITIONS = (
					"DEBUG=1",
					"$(inherited)",
				);
				GCC_WARN_64_TO_32_BIT_CONVERSION = YES;
				GCC_WARN_ABOUT_RETURN_TYPE = YES_ERROR;
				GCC_WARN_UNDECLARED_SELECTOR = YES;
				GCC_WARN_UNINITIALIZED_AUTOS = YES_AGGRESSIVE;
				GCC_WARN_UNUSED_FUNCTION = YES;
				GCC_WARN_UNUSED_VARIABLE = YES;
				IPHONEOS_DEPLOYMENT_TARGET = 15.0;
				LOCALIZATION_PREFERS_STRING_CATALOGS = YES;
				MTL_ENABLE_DEBUG_INFO = INCLUDE_SOURCE;
				MTL_FAST_MATH = YES;
				ONLY_ACTIVE_ARCH = YES;
				SDKROOT = iphoneos;
				SWIFT_ACTIVE_COMPILATION_CONDITIONS = "DEBUG $(inherited)";
				SWIFT_OPTIMIZATION_LEVEL = "-Onone";
			};
			name = Debug;
		};
		30903BA82B089E7C00EB69ED /* Release */ = {
			isa = XCBuildConfiguration;
			buildSettings = {
				ALWAYS_SEARCH_USER_PATHS = NO;
				ASSETCATALOG_COMPILER_GENERATE_SWIFT_ASSET_SYMBOL_EXTENSIONS = YES;
				CLANG_ANALYZER_NONNULL = YES;
				CLANG_ANALYZER_NUMBER_OBJECT_CONVERSION = YES_AGGRESSIVE;
				CLANG_CXX_LANGUAGE_STANDARD = "gnu++20";
				CLANG_ENABLE_MODULES = YES;
				CLANG_ENABLE_OBJC_ARC = YES;
				CLANG_ENABLE_OBJC_WEAK = YES;
				CLANG_WARN_BLOCK_CAPTURE_AUTORELEASING = YES;
				CLANG_WARN_BOOL_CONVERSION = YES;
				CLANG_WARN_COMMA = YES;
				CLANG_WARN_CONSTANT_CONVERSION = YES;
				CLANG_WARN_DEPRECATED_OBJC_IMPLEMENTATIONS = YES;
				CLANG_WARN_DIRECT_OBJC_ISA_USAGE = YES_ERROR;
				CLANG_WARN_DOCUMENTATION_COMMENTS = YES;
				CLANG_WARN_EMPTY_BODY = YES;
				CLANG_WARN_ENUM_CONVERSION = YES;
				CLANG_WARN_INFINITE_RECURSION = YES;
				CLANG_WARN_INT_CONVERSION = YES;
				CLANG_WARN_NON_LITERAL_NULL_CONVERSION = YES;
				CLANG_WARN_OBJC_IMPLICIT_RETAIN_SELF = YES;
				CLANG_WARN_OBJC_LITERAL_CONVERSION = YES;
				CLANG_WARN_OBJC_ROOT_CLASS = YES_ERROR;
				CLANG_WARN_QUOTED_INCLUDE_IN_FRAMEWORK_HEADER = YES;
				CLANG_WARN_RANGE_LOOP_ANALYSIS = YES;
				CLANG_WARN_STRICT_PROTOTYPES = YES;
				CLANG_WARN_SUSPICIOUS_MOVE = YES;
				CLANG_WARN_UNGUARDED_AVAILABILITY = YES_AGGRESSIVE;
				CLANG_WARN_UNREACHABLE_CODE = YES;
				CLANG_WARN__DUPLICATE_METHOD_MATCH = YES;
				COPY_PHASE_STRIP = NO;
				DEBUG_INFORMATION_FORMAT = "dwarf-with-dsym";
				ENABLE_NS_ASSERTIONS = NO;
				ENABLE_STRICT_OBJC_MSGSEND = YES;
				ENABLE_USER_SCRIPT_SANDBOXING = YES;
				GCC_C_LANGUAGE_STANDARD = gnu17;
				GCC_NO_COMMON_BLOCKS = YES;
				GCC_WARN_64_TO_32_BIT_CONVERSION = YES;
				GCC_WARN_ABOUT_RETURN_TYPE = YES_ERROR;
				GCC_WARN_UNDECLARED_SELECTOR = YES;
				GCC_WARN_UNINITIALIZED_AUTOS = YES_AGGRESSIVE;
				GCC_WARN_UNUSED_FUNCTION = YES;
				GCC_WARN_UNUSED_VARIABLE = YES;
				IPHONEOS_DEPLOYMENT_TARGET = 15.0;
				LOCALIZATION_PREFERS_STRING_CATALOGS = YES;
				MTL_ENABLE_DEBUG_INFO = NO;
				MTL_FAST_MATH = YES;
				SDKROOT = iphoneos;
				SWIFT_COMPILATION_MODE = wholemodule;
				VALIDATE_PRODUCT = YES;
			};
			name = Release;
		};
		30903BAA2B089E7C00EB69ED /* Debug */ = {
			isa = XCBuildConfiguration;
			buildSettings = {
				ASSETCATALOG_COMPILER_APPICON_NAME = AppIcon;
				ASSETCATALOG_COMPILER_GLOBAL_ACCENT_COLOR_NAME = AccentColor;
				CODE_SIGN_STYLE = Automatic;
				CURRENT_PROJECT_VERSION = 1;
				DEVELOPMENT_ASSET_PATHS = "\"SwiftUI_MVVM_CleanArchitecture/Resource/Assets\"";
				DEVELOPMENT_TEAM = 24PR6UA6PG;
				ENABLE_PREVIEWS = YES;
				GENERATE_INFOPLIST_FILE = YES;
				INFOPLIST_KEY_UIApplicationSceneManifest_Generation = YES;
				INFOPLIST_KEY_UIApplicationSupportsIndirectInputEvents = YES;
				INFOPLIST_KEY_UILaunchScreen_Generation = YES;
				INFOPLIST_KEY_UISupportedInterfaceOrientations = "UIInterfaceOrientationLandscapeLeft UIInterfaceOrientationLandscapeRight UIInterfaceOrientationPortrait";
				INFOPLIST_KEY_UISupportedInterfaceOrientations_iPad = "UIInterfaceOrientationPortrait UIInterfaceOrientationPortraitUpsideDown";
				IPHONEOS_DEPLOYMENT_TARGET = 15.0;
				LD_RUNPATH_SEARCH_PATHS = (
					"$(inherited)",
					"@executable_path/Frameworks",
				);
				MARKETING_VERSION = 1.0;
				PRODUCT_BUNDLE_IDENTIFIER = "malrang.SwiftUI-MVVM-CleanArchitecture";
				PRODUCT_NAME = "$(TARGET_NAME)";
				SWIFT_EMIT_LOC_STRINGS = YES;
				SWIFT_VERSION = 5.0;
				TARGETED_DEVICE_FAMILY = "1,2";
			};
			name = Debug;
		};
		30903BAB2B089E7C00EB69ED /* Release */ = {
			isa = XCBuildConfiguration;
			buildSettings = {
				ASSETCATALOG_COMPILER_APPICON_NAME = AppIcon;
				ASSETCATALOG_COMPILER_GLOBAL_ACCENT_COLOR_NAME = AccentColor;
				CODE_SIGN_STYLE = Automatic;
				CURRENT_PROJECT_VERSION = 1;
				DEVELOPMENT_ASSET_PATHS = "\"SwiftUI_MVVM_CleanArchitecture/Resource/Assets\"";
				DEVELOPMENT_TEAM = 24PR6UA6PG;
				ENABLE_PREVIEWS = YES;
				GENERATE_INFOPLIST_FILE = YES;
				INFOPLIST_KEY_UIApplicationSceneManifest_Generation = YES;
				INFOPLIST_KEY_UIApplicationSupportsIndirectInputEvents = YES;
				INFOPLIST_KEY_UILaunchScreen_Generation = YES;
				INFOPLIST_KEY_UISupportedInterfaceOrientations = "UIInterfaceOrientationLandscapeLeft UIInterfaceOrientationLandscapeRight UIInterfaceOrientationPortrait";
				INFOPLIST_KEY_UISupportedInterfaceOrientations_iPad = "UIInterfaceOrientationPortrait UIInterfaceOrientationPortraitUpsideDown";
				IPHONEOS_DEPLOYMENT_TARGET = 15.0;
				LD_RUNPATH_SEARCH_PATHS = (
					"$(inherited)",
					"@executable_path/Frameworks",
				);
				MARKETING_VERSION = 1.0;
				PRODUCT_BUNDLE_IDENTIFIER = "malrang.SwiftUI-MVVM-CleanArchitecture";
				PRODUCT_NAME = "$(TARGET_NAME)";
				SWIFT_EMIT_LOC_STRINGS = YES;
				SWIFT_VERSION = 5.0;
				TARGETED_DEVICE_FAMILY = "1,2";
			};
			name = Release;
		};
		30903BAD2B089E7C00EB69ED /* Debug */ = {
			isa = XCBuildConfiguration;
			buildSettings = {
				ALWAYS_EMBED_SWIFT_STANDARD_LIBRARIES = YES;
				BUNDLE_LOADER = "$(TEST_HOST)";
				CODE_SIGN_STYLE = Automatic;
				CURRENT_PROJECT_VERSION = 1;
				DEVELOPMENT_TEAM = 24PR6UA6PG;
				GENERATE_INFOPLIST_FILE = YES;
				IPHONEOS_DEPLOYMENT_TARGET = 17.0;
				MARKETING_VERSION = 1.0;
				PRODUCT_BUNDLE_IDENTIFIER = "malrang.SwiftUI-MVVM-CleanArchitectureTests";
				PRODUCT_NAME = "$(TARGET_NAME)";
				SWIFT_EMIT_LOC_STRINGS = NO;
				SWIFT_VERSION = 5.0;
				TARGETED_DEVICE_FAMILY = "1,2";
				TEST_HOST = "$(BUILT_PRODUCTS_DIR)/SwiftUI_MVVM_CleanArchitecture.app/$(BUNDLE_EXECUTABLE_FOLDER_PATH)/SwiftUI_MVVM_CleanArchitecture";
			};
			name = Debug;
		};
		30903BAE2B089E7C00EB69ED /* Release */ = {
			isa = XCBuildConfiguration;
			buildSettings = {
				ALWAYS_EMBED_SWIFT_STANDARD_LIBRARIES = YES;
				BUNDLE_LOADER = "$(TEST_HOST)";
				CODE_SIGN_STYLE = Automatic;
				CURRENT_PROJECT_VERSION = 1;
				DEVELOPMENT_TEAM = 24PR6UA6PG;
				GENERATE_INFOPLIST_FILE = YES;
				IPHONEOS_DEPLOYMENT_TARGET = 17.0;
				MARKETING_VERSION = 1.0;
				PRODUCT_BUNDLE_IDENTIFIER = "malrang.SwiftUI-MVVM-CleanArchitectureTests";
				PRODUCT_NAME = "$(TARGET_NAME)";
				SWIFT_EMIT_LOC_STRINGS = NO;
				SWIFT_VERSION = 5.0;
				TARGETED_DEVICE_FAMILY = "1,2";
				TEST_HOST = "$(BUILT_PRODUCTS_DIR)/SwiftUI_MVVM_CleanArchitecture.app/$(BUNDLE_EXECUTABLE_FOLDER_PATH)/SwiftUI_MVVM_CleanArchitecture";
			};
			name = Release;
		};
		30903BB02B089E7C00EB69ED /* Debug */ = {
			isa = XCBuildConfiguration;
			buildSettings = {
				ALWAYS_EMBED_SWIFT_STANDARD_LIBRARIES = YES;
				CODE_SIGN_STYLE = Automatic;
				CURRENT_PROJECT_VERSION = 1;
				DEVELOPMENT_TEAM = 24PR6UA6PG;
				GENERATE_INFOPLIST_FILE = YES;
				MARKETING_VERSION = 1.0;
				PRODUCT_BUNDLE_IDENTIFIER = "malrang.SwiftUI-MVVM-CleanArchitectureUITests";
				PRODUCT_NAME = "$(TARGET_NAME)";
				SWIFT_EMIT_LOC_STRINGS = NO;
				SWIFT_VERSION = 5.0;
				TARGETED_DEVICE_FAMILY = "1,2";
				TEST_TARGET_NAME = SwiftUI_MVVM_CleanArchitecture;
			};
			name = Debug;
		};
		30903BB12B089E7C00EB69ED /* Release */ = {
			isa = XCBuildConfiguration;
			buildSettings = {
				ALWAYS_EMBED_SWIFT_STANDARD_LIBRARIES = YES;
				CODE_SIGN_STYLE = Automatic;
				CURRENT_PROJECT_VERSION = 1;
				DEVELOPMENT_TEAM = 24PR6UA6PG;
				GENERATE_INFOPLIST_FILE = YES;
				MARKETING_VERSION = 1.0;
				PRODUCT_BUNDLE_IDENTIFIER = "malrang.SwiftUI-MVVM-CleanArchitectureUITests";
				PRODUCT_NAME = "$(TARGET_NAME)";
				SWIFT_EMIT_LOC_STRINGS = NO;
				SWIFT_VERSION = 5.0;
				TARGETED_DEVICE_FAMILY = "1,2";
				TEST_TARGET_NAME = SwiftUI_MVVM_CleanArchitecture;
			};
			name = Release;
		};
/* End XCBuildConfiguration section */

/* Begin XCConfigurationList section */
		30903B802B089E7A00EB69ED /* Build configuration list for PBXProject "SwiftUI_MVVM_CleanArchitecture" */ = {
			isa = XCConfigurationList;
			buildConfigurations = (
				30903BA72B089E7C00EB69ED /* Debug */,
				30903BA82B089E7C00EB69ED /* Release */,
			);
			defaultConfigurationIsVisible = 0;
			defaultConfigurationName = Release;
		};
		30903BA92B089E7C00EB69ED /* Build configuration list for PBXNativeTarget "SwiftUI_MVVM_CleanArchitecture" */ = {
			isa = XCConfigurationList;
			buildConfigurations = (
				30903BAA2B089E7C00EB69ED /* Debug */,
				30903BAB2B089E7C00EB69ED /* Release */,
			);
			defaultConfigurationIsVisible = 0;
			defaultConfigurationName = Release;
		};
		30903BAC2B089E7C00EB69ED /* Build configuration list for PBXNativeTarget "SwiftUI_MVVM_CleanArchitectureTests" */ = {
			isa = XCConfigurationList;
			buildConfigurations = (
				30903BAD2B089E7C00EB69ED /* Debug */,
				30903BAE2B089E7C00EB69ED /* Release */,
			);
			defaultConfigurationIsVisible = 0;
			defaultConfigurationName = Release;
		};
		30903BAF2B089E7C00EB69ED /* Build configuration list for PBXNativeTarget "SwiftUI_MVVM_CleanArchitectureUITests" */ = {
			isa = XCConfigurationList;
			buildConfigurations = (
				30903BB02B089E7C00EB69ED /* Debug */,
				30903BB12B089E7C00EB69ED /* Release */,
			);
			defaultConfigurationIsVisible = 0;
			defaultConfigurationName = Release;
		};
/* End XCConfigurationList section */

/* Begin XCRemoteSwiftPackageReference section */
		30903BB52B08A25900EB69ED /* XCRemoteSwiftPackageReference "Kingfisher" */ = {
			isa = XCRemoteSwiftPackageReference;
			repositoryURL = "https://github.com/onevcat/Kingfisher";
			requirement = {
				kind = upToNextMajorVersion;
				minimumVersion = 7.10.0;
			};
		};
		30903BB82B08A27500EB69ED /* XCRemoteSwiftPackageReference "Moya" */ = {
			isa = XCRemoteSwiftPackageReference;
			repositoryURL = "https://github.com/Moya/Moya";
			requirement = {
				kind = upToNextMajorVersion;
				minimumVersion = 15.0.3;
			};
		};
/* End XCRemoteSwiftPackageReference section */

/* Begin XCSwiftPackageProductDependency section */
		30903BB62B08A25900EB69ED /* Kingfisher */ = {
			isa = XCSwiftPackageProductDependency;
			package = 30903BB52B08A25900EB69ED /* XCRemoteSwiftPackageReference "Kingfisher" */;
			productName = Kingfisher;
		};
		30903BB92B08A27500EB69ED /* Moya */ = {
			isa = XCSwiftPackageProductDependency;
			package = 30903BB82B08A27500EB69ED /* XCRemoteSwiftPackageReference "Moya" */;
			productName = Moya;
		};
/* End XCSwiftPackageProductDependency section */
	};
	rootObject = 30903B7D2B089E7A00EB69ED /* Project object */;
}
